// !$*UTF8*$!
{
	archiveVersion = 1;
	classes = {
	};
	objectVersion = 46;
	objects = {

/* Begin PBXBuildFile section */
		117CB7171EEF8B9A0044A3C8 /* ele_sunnyBird1.png in Resources */ = {isa = PBXBuildFile; fileRef = 117CB6D21EEF8B9A0044A3C8 /* ele_sunnyBird1.png */; };
		117CB7181EEF8B9A0044A3C8 /* ele_sunnyBird2.png in Resources */ = {isa = PBXBuildFile; fileRef = 117CB6D31EEF8B9A0044A3C8 /* ele_sunnyBird2.png */; };
		117CB7191EEF8B9A0044A3C8 /* ele_sunnyBird3.png in Resources */ = {isa = PBXBuildFile; fileRef = 117CB6D41EEF8B9A0044A3C8 /* ele_sunnyBird3.png */; };
		117CB71A1EEF8B9A0044A3C8 /* ele_sunnyBird4.png in Resources */ = {isa = PBXBuildFile; fileRef = 117CB6D51EEF8B9A0044A3C8 /* ele_sunnyBird4.png */; };
		117CB71B1EEF8B9A0044A3C8 /* ele_sunnyBird5.png in Resources */ = {isa = PBXBuildFile; fileRef = 117CB6D61EEF8B9A0044A3C8 /* ele_sunnyBird5.png */; };
		117CB71C1EEF8B9A0044A3C8 /* ele_sunnyBird6.png in Resources */ = {isa = PBXBuildFile; fileRef = 117CB6D71EEF8B9A0044A3C8 /* ele_sunnyBird6.png */; };
		117CB71D1EEF8B9A0044A3C8 /* ele_sunnyBird7.png in Resources */ = {isa = PBXBuildFile; fileRef = 117CB6D81EEF8B9A0044A3C8 /* ele_sunnyBird7.png */; };
		117CB71E1EEF8B9A0044A3C8 /* ele_sunnyBird8.png in Resources */ = {isa = PBXBuildFile; fileRef = 117CB6D91EEF8B9A0044A3C8 /* ele_sunnyBird8.png */; };
		117CB71F1EEF8B9A0044A3C8 /* ele_sunnyBirdInvertedImage1.png in Resources */ = {isa = PBXBuildFile; fileRef = 117CB6DA1EEF8B9A0044A3C8 /* ele_sunnyBirdInvertedImage1.png */; };
		117CB7201EEF8B9A0044A3C8 /* ele_sunnyBirdInvertedImage2.png in Resources */ = {isa = PBXBuildFile; fileRef = 117CB6DB1EEF8B9A0044A3C8 /* ele_sunnyBirdInvertedImage2.png */; };
		117CB7211EEF8B9A0044A3C8 /* ele_sunnyBirdInvertedImage3.png in Resources */ = {isa = PBXBuildFile; fileRef = 117CB6DC1EEF8B9A0044A3C8 /* ele_sunnyBirdInvertedImage3.png */; };
		117CB7221EEF8B9A0044A3C8 /* ele_sunnyBirdInvertedImage4.png in Resources */ = {isa = PBXBuildFile; fileRef = 117CB6DD1EEF8B9A0044A3C8 /* ele_sunnyBirdInvertedImage4.png */; };
		117CB7231EEF8B9A0044A3C8 /* ele_sunnyBirdInvertedImage5.png in Resources */ = {isa = PBXBuildFile; fileRef = 117CB6DE1EEF8B9A0044A3C8 /* ele_sunnyBirdInvertedImage5.png */; };
		117CB7241EEF8B9A0044A3C8 /* ele_sunnyBirdInvertedImage6.png in Resources */ = {isa = PBXBuildFile; fileRef = 117CB6DF1EEF8B9A0044A3C8 /* ele_sunnyBirdInvertedImage6.png */; };
		117CB7251EEF8B9A0044A3C8 /* ele_sunnyBirdInvertedImage7.png in Resources */ = {isa = PBXBuildFile; fileRef = 117CB6E01EEF8B9A0044A3C8 /* ele_sunnyBirdInvertedImage7.png */; };
		117CB7261EEF8B9A0044A3C8 /* ele_sunnyBirdInvertedImage8.png in Resources */ = {isa = PBXBuildFile; fileRef = 117CB6E11EEF8B9A0044A3C8 /* ele_sunnyBirdInvertedImage8.png */; };
		117CB7271EEF8B9A0044A3C8 /* ele_sunnyCloud1.png in Resources */ = {isa = PBXBuildFile; fileRef = 117CB6E21EEF8B9A0044A3C8 /* ele_sunnyCloud1.png */; };
		117CB7281EEF8B9A0044A3C8 /* ele_sunnyCloud2.png in Resources */ = {isa = PBXBuildFile; fileRef = 117CB6E31EEF8B9A0044A3C8 /* ele_sunnyCloud2.png */; };
		117CB7291EEF8B9A0044A3C8 /* ele_sunnyNightFirefly.png in Resources */ = {isa = PBXBuildFile; fileRef = 117CB6E41EEF8B9A0044A3C8 /* ele_sunnyNightFirefly.png */; };
		117CB72A1EEF8B9A0044A3C8 /* ele_sunnyNightMeteor1.png in Resources */ = {isa = PBXBuildFile; fileRef = 117CB6E51EEF8B9A0044A3C8 /* ele_sunnyNightMeteor1.png */; };
		117CB72B1EEF8B9A0044A3C8 /* ele_sunnyNightMeteor2.png in Resources */ = {isa = PBXBuildFile; fileRef = 117CB6E61EEF8B9A0044A3C8 /* ele_sunnyNightMeteor2.png */; };
		117CB72C1EEF8B9A0044A3C8 /* ele_sunnyNightStar1.png in Resources */ = {isa = PBXBuildFile; fileRef = 117CB6E71EEF8B9A0044A3C8 /* ele_sunnyNightStar1.png */; };
		117CB72D1EEF8B9A0044A3C8 /* ele_sunnyNightStar2.png in Resources */ = {isa = PBXBuildFile; fileRef = 117CB6E81EEF8B9A0044A3C8 /* ele_sunnyNightStar2.png */; };
		117CB72E1EEF8B9A0044A3C8 /* ele_sunnyNightWave1.png in Resources */ = {isa = PBXBuildFile; fileRef = 117CB6E91EEF8B9A0044A3C8 /* ele_sunnyNightWave1.png */; };
		117CB72F1EEF8B9A0044A3C8 /* ele_sunnyNightWave2.png in Resources */ = {isa = PBXBuildFile; fileRef = 117CB6EA1EEF8B9A0044A3C8 /* ele_sunnyNightWave2.png */; };
		117CB7301EEF8B9A0044A3C8 /* ele_sunnyNightYellowLight.png in Resources */ = {isa = PBXBuildFile; fileRef = 117CB6EB1EEF8B9A0044A3C8 /* ele_sunnyNightYellowLight.png */; };
		117CB7311EEF8B9A0044A3C8 /* ele_sunnySun.png in Resources */ = {isa = PBXBuildFile; fileRef = 117CB6EC1EEF8B9A0044A3C8 /* ele_sunnySun.png */; };
		117CB7321EEF8B9A0044A3C8 /* ele_sunnySunshine.png in Resources */ = {isa = PBXBuildFile; fileRef = 117CB6ED1EEF8B9A0044A3C8 /* ele_sunnySunshine.png */; };
		117CB7331EEF8B9A0044A3C8 /* 0.png in Resources */ = {isa = PBXBuildFile; fileRef = 117CB6EF1EEF8B9A0044A3C8 /* 0.png */; };
		117CB7341EEF8B9A0044A3C8 /* 1.png in Resources */ = {isa = PBXBuildFile; fileRef = 117CB6F01EEF8B9A0044A3C8 /* 1.png */; };
		117CB7351EEF8B9A0044A3C8 /* 10.png in Resources */ = {isa = PBXBuildFile; fileRef = 117CB6F11EEF8B9A0044A3C8 /* 10.png */; };
		117CB7361EEF8B9A0044A3C8 /* 11.png in Resources */ = {isa = PBXBuildFile; fileRef = 117CB6F21EEF8B9A0044A3C8 /* 11.png */; };
		117CB7371EEF8B9A0044A3C8 /* 12.png in Resources */ = {isa = PBXBuildFile; fileRef = 117CB6F31EEF8B9A0044A3C8 /* 12.png */; };
		117CB7381EEF8B9A0044A3C8 /* 13.png in Resources */ = {isa = PBXBuildFile; fileRef = 117CB6F41EEF8B9A0044A3C8 /* 13.png */; };
		117CB7391EEF8B9A0044A3C8 /* 14.png in Resources */ = {isa = PBXBuildFile; fileRef = 117CB6F51EEF8B9A0044A3C8 /* 14.png */; };
		117CB73A1EEF8B9A0044A3C8 /* 15.png in Resources */ = {isa = PBXBuildFile; fileRef = 117CB6F61EEF8B9A0044A3C8 /* 15.png */; };
		117CB73B1EEF8B9A0044A3C8 /* 16.png in Resources */ = {isa = PBXBuildFile; fileRef = 117CB6F71EEF8B9A0044A3C8 /* 16.png */; };
		117CB73C1EEF8B9A0044A3C8 /* 17.png in Resources */ = {isa = PBXBuildFile; fileRef = 117CB6F81EEF8B9A0044A3C8 /* 17.png */; };
		117CB73D1EEF8B9A0044A3C8 /* 18.png in Resources */ = {isa = PBXBuildFile; fileRef = 117CB6F91EEF8B9A0044A3C8 /* 18.png */; };
		117CB73E1EEF8B9A0044A3C8 /* 19.png in Resources */ = {isa = PBXBuildFile; fileRef = 117CB6FA1EEF8B9A0044A3C8 /* 19.png */; };
		117CB73F1EEF8B9A0044A3C8 /* 2.png in Resources */ = {isa = PBXBuildFile; fileRef = 117CB6FB1EEF8B9A0044A3C8 /* 2.png */; };
		117CB7401EEF8B9A0044A3C8 /* 20.png in Resources */ = {isa = PBXBuildFile; fileRef = 117CB6FC1EEF8B9A0044A3C8 /* 20.png */; };
		117CB7411EEF8B9A0044A3C8 /* 21.png in Resources */ = {isa = PBXBuildFile; fileRef = 117CB6FD1EEF8B9A0044A3C8 /* 21.png */; };
		117CB7421EEF8B9A0044A3C8 /* 22.png in Resources */ = {isa = PBXBuildFile; fileRef = 117CB6FE1EEF8B9A0044A3C8 /* 22.png */; };
		117CB7431EEF8B9A0044A3C8 /* 23.png in Resources */ = {isa = PBXBuildFile; fileRef = 117CB6FF1EEF8B9A0044A3C8 /* 23.png */; };
		117CB7441EEF8B9A0044A3C8 /* 24.png in Resources */ = {isa = PBXBuildFile; fileRef = 117CB7001EEF8B9A0044A3C8 /* 24.png */; };
		117CB7451EEF8B9A0044A3C8 /* 25.png in Resources */ = {isa = PBXBuildFile; fileRef = 117CB7011EEF8B9A0044A3C8 /* 25.png */; };
		117CB7461EEF8B9A0044A3C8 /* 26.png in Resources */ = {isa = PBXBuildFile; fileRef = 117CB7021EEF8B9A0044A3C8 /* 26.png */; };
		117CB7471EEF8B9A0044A3C8 /* 27.png in Resources */ = {isa = PBXBuildFile; fileRef = 117CB7031EEF8B9A0044A3C8 /* 27.png */; };
		117CB7481EEF8B9A0044A3C8 /* 28.png in Resources */ = {isa = PBXBuildFile; fileRef = 117CB7041EEF8B9A0044A3C8 /* 28.png */; };
		117CB7491EEF8B9A0044A3C8 /* 29.png in Resources */ = {isa = PBXBuildFile; fileRef = 117CB7051EEF8B9A0044A3C8 /* 29.png */; };
		117CB74A1EEF8B9A0044A3C8 /* 3.png in Resources */ = {isa = PBXBuildFile; fileRef = 117CB7061EEF8B9A0044A3C8 /* 3.png */; };
		117CB74B1EEF8B9A0044A3C8 /* 30.png in Resources */ = {isa = PBXBuildFile; fileRef = 117CB7071EEF8B9A0044A3C8 /* 30.png */; };
		117CB74C1EEF8B9A0044A3C8 /* 31.png in Resources */ = {isa = PBXBuildFile; fileRef = 117CB7081EEF8B9A0044A3C8 /* 31.png */; };
		117CB74D1EEF8B9A0044A3C8 /* 32.png in Resources */ = {isa = PBXBuildFile; fileRef = 117CB7091EEF8B9A0044A3C8 /* 32.png */; };
		117CB74E1EEF8B9A0044A3C8 /* 33.png in Resources */ = {isa = PBXBuildFile; fileRef = 117CB70A1EEF8B9A0044A3C8 /* 33.png */; };
		117CB74F1EEF8B9A0044A3C8 /* 34.png in Resources */ = {isa = PBXBuildFile; fileRef = 117CB70B1EEF8B9A0044A3C8 /* 34.png */; };
		117CB7501EEF8B9A0044A3C8 /* 35.png in Resources */ = {isa = PBXBuildFile; fileRef = 117CB70C1EEF8B9A0044A3C8 /* 35.png */; };
		117CB7511EEF8B9A0044A3C8 /* 36.png in Resources */ = {isa = PBXBuildFile; fileRef = 117CB70D1EEF8B9A0044A3C8 /* 36.png */; };
		117CB7521EEF8B9A0044A3C8 /* 37.png in Resources */ = {isa = PBXBuildFile; fileRef = 117CB70E1EEF8B9A0044A3C8 /* 37.png */; };
		117CB7531EEF8B9A0044A3C8 /* 38.png in Resources */ = {isa = PBXBuildFile; fileRef = 117CB70F1EEF8B9A0044A3C8 /* 38.png */; };
		117CB7541EEF8B9A0044A3C8 /* 4.png in Resources */ = {isa = PBXBuildFile; fileRef = 117CB7101EEF8B9A0044A3C8 /* 4.png */; };
		117CB7551EEF8B9A0044A3C8 /* 5.png in Resources */ = {isa = PBXBuildFile; fileRef = 117CB7111EEF8B9A0044A3C8 /* 5.png */; };
		117CB7561EEF8B9A0044A3C8 /* 6.png in Resources */ = {isa = PBXBuildFile; fileRef = 117CB7121EEF8B9A0044A3C8 /* 6.png */; };
		117CB7571EEF8B9A0044A3C8 /* 7.png in Resources */ = {isa = PBXBuildFile; fileRef = 117CB7131EEF8B9A0044A3C8 /* 7.png */; };
		117CB7581EEF8B9A0044A3C8 /* 8.png in Resources */ = {isa = PBXBuildFile; fileRef = 117CB7141EEF8B9A0044A3C8 /* 8.png */; };
		117CB7591EEF8B9A0044A3C8 /* 9.png in Resources */ = {isa = PBXBuildFile; fileRef = 117CB7151EEF8B9A0044A3C8 /* 9.png */; };
		117CB75A1EEF8B9A0044A3C8 /* 99.png in Resources */ = {isa = PBXBuildFile; fileRef = 117CB7161EEF8B9A0044A3C8 /* 99.png */; };
		117CB76C1EEFC3400044A3C8 /* arrow@2x.png in Resources */ = {isa = PBXBuildFile; fileRef = 117CB7691EEFC3400044A3C8 /* arrow@2x.png */; };
		117CB76D1EEFC3400044A3C8 /* RHRefreshFooter.swift in Sources */ = {isa = PBXBuildFile; fileRef = 117CB76A1EEFC3400044A3C8 /* RHRefreshFooter.swift */; };
		117CB76E1EEFC3400044A3C8 /* RHRefreshHeader.swift in Sources */ = {isa = PBXBuildFile; fileRef = 117CB76B1EEFC3400044A3C8 /* RHRefreshHeader.swift */; };
		117CB7991EF0D3DC0044A3C8 /* AppDelegate.swift in Sources */ = {isa = PBXBuildFile; fileRef = 117CB7931EF0D3DC0044A3C8 /* AppDelegate.swift */; };
		117CB79A1EF0D3DC0044A3C8 /* BaseViewController.swift in Sources */ = {isa = PBXBuildFile; fileRef = 117CB7941EF0D3DC0044A3C8 /* BaseViewController.swift */; };
		117CB79B1EF0D3DC0044A3C8 /* MainNavViewController.swift in Sources */ = {isa = PBXBuildFile; fileRef = 117CB7951EF0D3DC0044A3C8 /* MainNavViewController.swift */; };
		117CB79C1EF0D3DC0044A3C8 /* MainTabBarViewController.swift in Sources */ = {isa = PBXBuildFile; fileRef = 117CB7961EF0D3DC0044A3C8 /* MainTabBarViewController.swift */; };
		117CB79D1EF0D3DC0044A3C8 /* ShowAlertViewController.swift in Sources */ = {isa = PBXBuildFile; fileRef = 117CB7971EF0D3DC0044A3C8 /* ShowAlertViewController.swift */; };
		117CB79E1EF0D3DC0044A3C8 /* ViewController.swift in Sources */ = {isa = PBXBuildFile; fileRef = 117CB7981EF0D3DC0044A3C8 /* ViewController.swift */; };
		117CB7AA1EF0D5100044A3C8 /* SystemApplication.swift in Sources */ = {isa = PBXBuildFile; fileRef = 117CB7A31EF0D5100044A3C8 /* SystemApplication.swift */; };
		117CB7AB1EF0D5100044A3C8 /* SystemApplicationManager.swift in Sources */ = {isa = PBXBuildFile; fileRef = 117CB7A41EF0D5100044A3C8 /* SystemApplicationManager.swift */; };
		117CB7AE1EF0D53B0044A3C8 /* MobileCoreServices.framework in Frameworks */ = {isa = PBXBuildFile; fileRef = 117CB7AD1EF0D53B0044A3C8 /* MobileCoreServices.framework */; };
		11D88BCD1EEE77090066EABA /* UIImage+Gif.swift in Sources */ = {isa = PBXBuildFile; fileRef = 11D88BCC1EEE77090066EABA /* UIImage+Gif.swift */; };
		11D88BD01EEE778D0066EABA /* load0.gif in Resources */ = {isa = PBXBuildFile; fileRef = 11D88BCF1EEE778D0066EABA /* load0.gif */; };
		11D88BD21EEE7A070066EABA /* Single.swift in Sources */ = {isa = PBXBuildFile; fileRef = 11D88BD11EEE7A070066EABA /* Single.swift */; };
		5E20A1361EE145890035AC56 /* ProductViewController.swift in Sources */ = {isa = PBXBuildFile; fileRef = 5E20A1351EE145890035AC56 /* ProductViewController.swift */; };
		5E20A1381EE15E1F0035AC56 /* UIViewExtension.swift in Sources */ = {isa = PBXBuildFile; fileRef = 5E20A1371EE15E1F0035AC56 /* UIViewExtension.swift */; };
		5E2AC69F1EE0FFDB00E0B0CC /* Main.storyboard in Resources */ = {isa = PBXBuildFile; fileRef = 5E2AC69D1EE0FFDB00E0B0CC /* Main.storyboard */; };
		5E2AC6A11EE0FFDB00E0B0CC /* Assets.xcassets in Resources */ = {isa = PBXBuildFile; fileRef = 5E2AC6A01EE0FFDB00E0B0CC /* Assets.xcassets */; };
		5E2AC6A41EE0FFDB00E0B0CC /* LaunchScreen.storyboard in Resources */ = {isa = PBXBuildFile; fileRef = 5E2AC6A21EE0FFDB00E0B0CC /* LaunchScreen.storyboard */; };
		5E2AC6BA1EE134CA00E0B0CC /* HomeViewController.swift in Sources */ = {isa = PBXBuildFile; fileRef = 5E2AC6B91EE134CA00E0B0CC /* HomeViewController.swift */; };
		5E2AC6BD1EE135B200E0B0CC /* JWMacro.swift in Sources */ = {isa = PBXBuildFile; fileRef = 5E2AC6BC1EE135B200E0B0CC /* JWMacro.swift */; };
		5E37A6A81EE52B08007148C5 /* JWScrollviewCell.swift in Sources */ = {isa = PBXBuildFile; fileRef = 5E37A6A71EE52B08007148C5 /* JWScrollviewCell.swift */; };
		5E37A6AE1EE65683007148C5 /* CirCleView.swift in Sources */ = {isa = PBXBuildFile; fileRef = 5E37A6AD1EE65683007148C5 /* CirCleView.swift */; };
		5E37A6B01EE6846B007148C5 /* FindViewController.swift in Sources */ = {isa = PBXBuildFile; fileRef = 5E37A6AF1EE6846B007148C5 /* FindViewController.swift */; };
		5E37A6B21EE684F0007148C5 /* CustomTableViewCell.swift in Sources */ = {isa = PBXBuildFile; fileRef = 5E37A6B11EE684F0007148C5 /* CustomTableViewCell.swift */; };
		5E37A6B41EE68532007148C5 /* CustomCellModel.swift in Sources */ = {isa = PBXBuildFile; fileRef = 5E37A6B31EE68532007148C5 /* CustomCellModel.swift */; };
		5E7D193C1EEA32D50067FFF4 /* NSMutableAttributedString+Extension.swift in Sources */ = {isa = PBXBuildFile; fileRef = 5E7D193B1EEA32D50067FFF4 /* NSMutableAttributedString+Extension.swift */; };
		5E7D194B1EEA375D0067FFF4 /* Reflect+ArcFile.swift in Sources */ = {isa = PBXBuildFile; fileRef = 5E7D19401EEA375D0067FFF4 /* Reflect+ArcFile.swift */; };
		5E7D194C1EEA375D0067FFF4 /* Reflect+Parse.swift in Sources */ = {isa = PBXBuildFile; fileRef = 5E7D19421EEA375D0067FFF4 /* Reflect+Parse.swift */; };
		5E7D194D1EEA375D0067FFF4 /* Reflect+Convert.swift in Sources */ = {isa = PBXBuildFile; fileRef = 5E7D19441EEA375D0067FFF4 /* Reflect+Convert.swift */; };
		5E7D194E1EEA375D0067FFF4 /* Reflect+Class.swift in Sources */ = {isa = PBXBuildFile; fileRef = 5E7D19461EEA375D0067FFF4 /* Reflect+Class.swift */; };
		5E7D194F1EEA375D0067FFF4 /* Reflect+Other.swift in Sources */ = {isa = PBXBuildFile; fileRef = 5E7D19471EEA375D0067FFF4 /* Reflect+Other.swift */; };
		5E7D19501EEA375D0067FFF4 /* Reflect+Property.swift in Sources */ = {isa = PBXBuildFile; fileRef = 5E7D19481EEA375D0067FFF4 /* Reflect+Property.swift */; };
		5E7D19511EEA375D0067FFF4 /* Reflect+Type.swift in Sources */ = {isa = PBXBuildFile; fileRef = 5E7D19491EEA375D0067FFF4 /* Reflect+Type.swift */; };
		5E7D19521EEA375D0067FFF4 /* Reflect.swift in Sources */ = {isa = PBXBuildFile; fileRef = 5E7D194A1EEA375D0067FFF4 /* Reflect.swift */; };
		5E7D19541EEA379F0067FFF4 /* FriendModel.swift in Sources */ = {isa = PBXBuildFile; fileRef = 5E7D19531EEA379F0067FFF4 /* FriendModel.swift */; };
		5E7D19561EEA39E40067FFF4 /* AccountViewController.swift in Sources */ = {isa = PBXBuildFile; fileRef = 5E7D19551EEA39E40067FFF4 /* AccountViewController.swift */; };
		5E7D195E1EEA8ABB0067FFF4 /* MoreViewController.swift in Sources */ = {isa = PBXBuildFile; fileRef = 5E7D195D1EEA8ABB0067FFF4 /* MoreViewController.swift */; };
		5E9DDFC51EF0D72400CDE067 /* PublicOCFunc.m in Sources */ = {isa = PBXBuildFile; fileRef = 5E9DDFC41EF0D72400CDE067 /* PublicOCFunc.m */; };
		5E9EB1D41EE4F0AD0042DDB0 /* JWScrollView.swift in Sources */ = {isa = PBXBuildFile; fileRef = 5E9EB1D31EE4F0AD0042DDB0 /* JWScrollView.swift */; };
/* End PBXBuildFile section */

/* Begin PBXFileReference section */
		117CB6D21EEF8B9A0044A3C8 /* ele_sunnyBird1.png */ = {isa = PBXFileReference; lastKnownFileType = image.png; path = ele_sunnyBird1.png; sourceTree = "<group>"; };
		117CB6D31EEF8B9A0044A3C8 /* ele_sunnyBird2.png */ = {isa = PBXFileReference; lastKnownFileType = image.png; path = ele_sunnyBird2.png; sourceTree = "<group>"; };
		117CB6D41EEF8B9A0044A3C8 /* ele_sunnyBird3.png */ = {isa = PBXFileReference; lastKnownFileType = image.png; path = ele_sunnyBird3.png; sourceTree = "<group>"; };
		117CB6D51EEF8B9A0044A3C8 /* ele_sunnyBird4.png */ = {isa = PBXFileReference; lastKnownFileType = image.png; path = ele_sunnyBird4.png; sourceTree = "<group>"; };
		117CB6D61EEF8B9A0044A3C8 /* ele_sunnyBird5.png */ = {isa = PBXFileReference; lastKnownFileType = image.png; path = ele_sunnyBird5.png; sourceTree = "<group>"; };
		117CB6D71EEF8B9A0044A3C8 /* ele_sunnyBird6.png */ = {isa = PBXFileReference; lastKnownFileType = image.png; path = ele_sunnyBird6.png; sourceTree = "<group>"; };
		117CB6D81EEF8B9A0044A3C8 /* ele_sunnyBird7.png */ = {isa = PBXFileReference; lastKnownFileType = image.png; path = ele_sunnyBird7.png; sourceTree = "<group>"; };
		117CB6D91EEF8B9A0044A3C8 /* ele_sunnyBird8.png */ = {isa = PBXFileReference; lastKnownFileType = image.png; path = ele_sunnyBird8.png; sourceTree = "<group>"; };
		117CB6DA1EEF8B9A0044A3C8 /* ele_sunnyBirdInvertedImage1.png */ = {isa = PBXFileReference; lastKnownFileType = image.png; path = ele_sunnyBirdInvertedImage1.png; sourceTree = "<group>"; };
		117CB6DB1EEF8B9A0044A3C8 /* ele_sunnyBirdInvertedImage2.png */ = {isa = PBXFileReference; lastKnownFileType = image.png; path = ele_sunnyBirdInvertedImage2.png; sourceTree = "<group>"; };
		117CB6DC1EEF8B9A0044A3C8 /* ele_sunnyBirdInvertedImage3.png */ = {isa = PBXFileReference; lastKnownFileType = image.png; path = ele_sunnyBirdInvertedImage3.png; sourceTree = "<group>"; };
		117CB6DD1EEF8B9A0044A3C8 /* ele_sunnyBirdInvertedImage4.png */ = {isa = PBXFileReference; lastKnownFileType = image.png; path = ele_sunnyBirdInvertedImage4.png; sourceTree = "<group>"; };
		117CB6DE1EEF8B9A0044A3C8 /* ele_sunnyBirdInvertedImage5.png */ = {isa = PBXFileReference; lastKnownFileType = image.png; path = ele_sunnyBirdInvertedImage5.png; sourceTree = "<group>"; };
		117CB6DF1EEF8B9A0044A3C8 /* ele_sunnyBirdInvertedImage6.png */ = {isa = PBXFileReference; lastKnownFileType = image.png; path = ele_sunnyBirdInvertedImage6.png; sourceTree = "<group>"; };
		117CB6E01EEF8B9A0044A3C8 /* ele_sunnyBirdInvertedImage7.png */ = {isa = PBXFileReference; lastKnownFileType = image.png; path = ele_sunnyBirdInvertedImage7.png; sourceTree = "<group>"; };
		117CB6E11EEF8B9A0044A3C8 /* ele_sunnyBirdInvertedImage8.png */ = {isa = PBXFileReference; lastKnownFileType = image.png; path = ele_sunnyBirdInvertedImage8.png; sourceTree = "<group>"; };
		117CB6E21EEF8B9A0044A3C8 /* ele_sunnyCloud1.png */ = {isa = PBXFileReference; lastKnownFileType = image.png; path = ele_sunnyCloud1.png; sourceTree = "<group>"; };
		117CB6E31EEF8B9A0044A3C8 /* ele_sunnyCloud2.png */ = {isa = PBXFileReference; lastKnownFileType = image.png; path = ele_sunnyCloud2.png; sourceTree = "<group>"; };
		117CB6E41EEF8B9A0044A3C8 /* ele_sunnyNightFirefly.png */ = {isa = PBXFileReference; lastKnownFileType = image.png; path = ele_sunnyNightFirefly.png; sourceTree = "<group>"; };
		117CB6E51EEF8B9A0044A3C8 /* ele_sunnyNightMeteor1.png */ = {isa = PBXFileReference; lastKnownFileType = image.png; path = ele_sunnyNightMeteor1.png; sourceTree = "<group>"; };
		117CB6E61EEF8B9A0044A3C8 /* ele_sunnyNightMeteor2.png */ = {isa = PBXFileReference; lastKnownFileType = image.png; path = ele_sunnyNightMeteor2.png; sourceTree = "<group>"; };
		117CB6E71EEF8B9A0044A3C8 /* ele_sunnyNightStar1.png */ = {isa = PBXFileReference; lastKnownFileType = image.png; path = ele_sunnyNightStar1.png; sourceTree = "<group>"; };
		117CB6E81EEF8B9A0044A3C8 /* ele_sunnyNightStar2.png */ = {isa = PBXFileReference; lastKnownFileType = image.png; path = ele_sunnyNightStar2.png; sourceTree = "<group>"; };
		117CB6E91EEF8B9A0044A3C8 /* ele_sunnyNightWave1.png */ = {isa = PBXFileReference; lastKnownFileType = image.png; path = ele_sunnyNightWave1.png; sourceTree = "<group>"; };
		117CB6EA1EEF8B9A0044A3C8 /* ele_sunnyNightWave2.png */ = {isa = PBXFileReference; lastKnownFileType = image.png; path = ele_sunnyNightWave2.png; sourceTree = "<group>"; };
		117CB6EB1EEF8B9A0044A3C8 /* ele_sunnyNightYellowLight.png */ = {isa = PBXFileReference; lastKnownFileType = image.png; path = ele_sunnyNightYellowLight.png; sourceTree = "<group>"; };
		117CB6EC1EEF8B9A0044A3C8 /* ele_sunnySun.png */ = {isa = PBXFileReference; lastKnownFileType = image.png; path = ele_sunnySun.png; sourceTree = "<group>"; };
		117CB6ED1EEF8B9A0044A3C8 /* ele_sunnySunshine.png */ = {isa = PBXFileReference; lastKnownFileType = image.png; path = ele_sunnySunshine.png; sourceTree = "<group>"; };
		117CB6EF1EEF8B9A0044A3C8 /* 0.png */ = {isa = PBXFileReference; lastKnownFileType = image.png; path = 0.png; sourceTree = "<group>"; };
		117CB6F01EEF8B9A0044A3C8 /* 1.png */ = {isa = PBXFileReference; lastKnownFileType = image.png; path = 1.png; sourceTree = "<group>"; };
		117CB6F11EEF8B9A0044A3C8 /* 10.png */ = {isa = PBXFileReference; lastKnownFileType = image.png; path = 10.png; sourceTree = "<group>"; };
		117CB6F21EEF8B9A0044A3C8 /* 11.png */ = {isa = PBXFileReference; lastKnownFileType = image.png; path = 11.png; sourceTree = "<group>"; };
		117CB6F31EEF8B9A0044A3C8 /* 12.png */ = {isa = PBXFileReference; lastKnownFileType = image.png; path = 12.png; sourceTree = "<group>"; };
		117CB6F41EEF8B9A0044A3C8 /* 13.png */ = {isa = PBXFileReference; lastKnownFileType = image.png; path = 13.png; sourceTree = "<group>"; };
		117CB6F51EEF8B9A0044A3C8 /* 14.png */ = {isa = PBXFileReference; lastKnownFileType = image.png; path = 14.png; sourceTree = "<group>"; };
		117CB6F61EEF8B9A0044A3C8 /* 15.png */ = {isa = PBXFileReference; lastKnownFileType = image.png; path = 15.png; sourceTree = "<group>"; };
		117CB6F71EEF8B9A0044A3C8 /* 16.png */ = {isa = PBXFileReference; lastKnownFileType = image.png; path = 16.png; sourceTree = "<group>"; };
		117CB6F81EEF8B9A0044A3C8 /* 17.png */ = {isa = PBXFileReference; lastKnownFileType = image.png; path = 17.png; sourceTree = "<group>"; };
		117CB6F91EEF8B9A0044A3C8 /* 18.png */ = {isa = PBXFileReference; lastKnownFileType = image.png; path = 18.png; sourceTree = "<group>"; };
		117CB6FA1EEF8B9A0044A3C8 /* 19.png */ = {isa = PBXFileReference; lastKnownFileType = image.png; path = 19.png; sourceTree = "<group>"; };
		117CB6FB1EEF8B9A0044A3C8 /* 2.png */ = {isa = PBXFileReference; lastKnownFileType = image.png; path = 2.png; sourceTree = "<group>"; };
		117CB6FC1EEF8B9A0044A3C8 /* 20.png */ = {isa = PBXFileReference; lastKnownFileType = image.png; path = 20.png; sourceTree = "<group>"; };
		117CB6FD1EEF8B9A0044A3C8 /* 21.png */ = {isa = PBXFileReference; lastKnownFileType = image.png; path = 21.png; sourceTree = "<group>"; };
		117CB6FE1EEF8B9A0044A3C8 /* 22.png */ = {isa = PBXFileReference; lastKnownFileType = image.png; path = 22.png; sourceTree = "<group>"; };
		117CB6FF1EEF8B9A0044A3C8 /* 23.png */ = {isa = PBXFileReference; lastKnownFileType = image.png; path = 23.png; sourceTree = "<group>"; };
		117CB7001EEF8B9A0044A3C8 /* 24.png */ = {isa = PBXFileReference; lastKnownFileType = image.png; path = 24.png; sourceTree = "<group>"; };
		117CB7011EEF8B9A0044A3C8 /* 25.png */ = {isa = PBXFileReference; lastKnownFileType = image.png; path = 25.png; sourceTree = "<group>"; };
		117CB7021EEF8B9A0044A3C8 /* 26.png */ = {isa = PBXFileReference; lastKnownFileType = image.png; path = 26.png; sourceTree = "<group>"; };
		117CB7031EEF8B9A0044A3C8 /* 27.png */ = {isa = PBXFileReference; lastKnownFileType = image.png; path = 27.png; sourceTree = "<group>"; };
		117CB7041EEF8B9A0044A3C8 /* 28.png */ = {isa = PBXFileReference; lastKnownFileType = image.png; path = 28.png; sourceTree = "<group>"; };
		117CB7051EEF8B9A0044A3C8 /* 29.png */ = {isa = PBXFileReference; lastKnownFileType = image.png; path = 29.png; sourceTree = "<group>"; };
		117CB7061EEF8B9A0044A3C8 /* 3.png */ = {isa = PBXFileReference; lastKnownFileType = image.png; path = 3.png; sourceTree = "<group>"; };
		117CB7071EEF8B9A0044A3C8 /* 30.png */ = {isa = PBXFileReference; lastKnownFileType = image.png; path = 30.png; sourceTree = "<group>"; };
		117CB7081EEF8B9A0044A3C8 /* 31.png */ = {isa = PBXFileReference; lastKnownFileType = image.png; path = 31.png; sourceTree = "<group>"; };
		117CB7091EEF8B9A0044A3C8 /* 32.png */ = {isa = PBXFileReference; lastKnownFileType = image.png; path = 32.png; sourceTree = "<group>"; };
		117CB70A1EEF8B9A0044A3C8 /* 33.png */ = {isa = PBXFileReference; lastKnownFileType = image.png; path = 33.png; sourceTree = "<group>"; };
		117CB70B1EEF8B9A0044A3C8 /* 34.png */ = {isa = PBXFileReference; lastKnownFileType = image.png; path = 34.png; sourceTree = "<group>"; };
		117CB70C1EEF8B9A0044A3C8 /* 35.png */ = {isa = PBXFileReference; lastKnownFileType = image.png; path = 35.png; sourceTree = "<group>"; };
		117CB70D1EEF8B9A0044A3C8 /* 36.png */ = {isa = PBXFileReference; lastKnownFileType = image.png; path = 36.png; sourceTree = "<group>"; };
		117CB70E1EEF8B9A0044A3C8 /* 37.png */ = {isa = PBXFileReference; lastKnownFileType = image.png; path = 37.png; sourceTree = "<group>"; };
		117CB70F1EEF8B9A0044A3C8 /* 38.png */ = {isa = PBXFileReference; lastKnownFileType = image.png; path = 38.png; sourceTree = "<group>"; };
		117CB7101EEF8B9A0044A3C8 /* 4.png */ = {isa = PBXFileReference; lastKnownFileType = image.png; path = 4.png; sourceTree = "<group>"; };
		117CB7111EEF8B9A0044A3C8 /* 5.png */ = {isa = PBXFileReference; lastKnownFileType = image.png; path = 5.png; sourceTree = "<group>"; };
		117CB7121EEF8B9A0044A3C8 /* 6.png */ = {isa = PBXFileReference; lastKnownFileType = image.png; path = 6.png; sourceTree = "<group>"; };
		117CB7131EEF8B9A0044A3C8 /* 7.png */ = {isa = PBXFileReference; lastKnownFileType = image.png; path = 7.png; sourceTree = "<group>"; };
		117CB7141EEF8B9A0044A3C8 /* 8.png */ = {isa = PBXFileReference; lastKnownFileType = image.png; path = 8.png; sourceTree = "<group>"; };
		117CB7151EEF8B9A0044A3C8 /* 9.png */ = {isa = PBXFileReference; lastKnownFileType = image.png; path = 9.png; sourceTree = "<group>"; };
		117CB7161EEF8B9A0044A3C8 /* 99.png */ = {isa = PBXFileReference; lastKnownFileType = image.png; path = 99.png; sourceTree = "<group>"; };
		117CB7691EEFC3400044A3C8 /* arrow@2x.png */ = {isa = PBXFileReference; lastKnownFileType = image.png; path = "arrow@2x.png"; sourceTree = "<group>"; };
		117CB76A1EEFC3400044A3C8 /* RHRefreshFooter.swift */ = {isa = PBXFileReference; fileEncoding = 4; lastKnownFileType = sourcecode.swift; path = RHRefreshFooter.swift; sourceTree = "<group>"; };
		117CB76B1EEFC3400044A3C8 /* RHRefreshHeader.swift */ = {isa = PBXFileReference; fileEncoding = 4; lastKnownFileType = sourcecode.swift; path = RHRefreshHeader.swift; sourceTree = "<group>"; };
		117CB7931EF0D3DC0044A3C8 /* AppDelegate.swift */ = {isa = PBXFileReference; fileEncoding = 4; lastKnownFileType = sourcecode.swift; path = AppDelegate.swift; sourceTree = "<group>"; };
		117CB7941EF0D3DC0044A3C8 /* BaseViewController.swift */ = {isa = PBXFileReference; fileEncoding = 4; lastKnownFileType = sourcecode.swift; path = BaseViewController.swift; sourceTree = "<group>"; };
		117CB7951EF0D3DC0044A3C8 /* MainNavViewController.swift */ = {isa = PBXFileReference; fileEncoding = 4; lastKnownFileType = sourcecode.swift; path = MainNavViewController.swift; sourceTree = "<group>"; };
		117CB7961EF0D3DC0044A3C8 /* MainTabBarViewController.swift */ = {isa = PBXFileReference; fileEncoding = 4; lastKnownFileType = sourcecode.swift; path = MainTabBarViewController.swift; sourceTree = "<group>"; };
		117CB7971EF0D3DC0044A3C8 /* ShowAlertViewController.swift */ = {isa = PBXFileReference; fileEncoding = 4; lastKnownFileType = sourcecode.swift; path = ShowAlertViewController.swift; sourceTree = "<group>"; };
		117CB7981EF0D3DC0044A3C8 /* ViewController.swift */ = {isa = PBXFileReference; fileEncoding = 4; lastKnownFileType = sourcecode.swift; path = ViewController.swift; sourceTree = "<group>"; };
		117CB79F1EF0D4290044A3C8 /* SwiftDemo-Bridging-Header.h */ = {isa = PBXFileReference; lastKnownFileType = sourcecode.c.h; path = "SwiftDemo-Bridging-Header.h"; sourceTree = "<group>"; };
		117CB7A31EF0D5100044A3C8 /* SystemApplication.swift */ = {isa = PBXFileReference; fileEncoding = 4; lastKnownFileType = sourcecode.swift; path = SystemApplication.swift; sourceTree = "<group>"; };
		117CB7A41EF0D5100044A3C8 /* SystemApplicationManager.swift */ = {isa = PBXFileReference; fileEncoding = 4; lastKnownFileType = sourcecode.swift; path = SystemApplicationManager.swift; sourceTree = "<group>"; };
		117CB7A51EF0D5100044A3C8 /* LSApplicationProxy.h */ = {isa = PBXFileReference; fileEncoding = 4; lastKnownFileType = sourcecode.c.h; path = LSApplicationProxy.h; sourceTree = "<group>"; };
		117CB7A61EF0D5100044A3C8 /* LSApplicationWorkspace.h */ = {isa = PBXFileReference; fileEncoding = 4; lastKnownFileType = sourcecode.c.h; path = LSApplicationWorkspace.h; sourceTree = "<group>"; };
		117CB7A71EF0D5100044A3C8 /* LSBundleProxy.h */ = {isa = PBXFileReference; fileEncoding = 4; lastKnownFileType = sourcecode.c.h; path = LSBundleProxy.h; sourceTree = "<group>"; };
		117CB7A81EF0D5100044A3C8 /* LSResourceProxy.h */ = {isa = PBXFileReference; fileEncoding = 4; lastKnownFileType = sourcecode.c.h; path = LSResourceProxy.h; sourceTree = "<group>"; };
		117CB7A91EF0D5100044A3C8 /* UIImage-ApplicationIcons.h */ = {isa = PBXFileReference; fileEncoding = 4; lastKnownFileType = sourcecode.c.h; path = "UIImage-ApplicationIcons.h"; sourceTree = "<group>"; };
		117CB7AD1EF0D53B0044A3C8 /* MobileCoreServices.framework */ = {isa = PBXFileReference; lastKnownFileType = wrapper.framework; name = MobileCoreServices.framework; path = System/Library/Frameworks/MobileCoreServices.framework; sourceTree = SDKROOT; };
		11D88BCC1EEE77090066EABA /* UIImage+Gif.swift */ = {isa = PBXFileReference; fileEncoding = 4; lastKnownFileType = sourcecode.swift; path = "UIImage+Gif.swift"; sourceTree = "<group>"; };
		11D88BCF1EEE778D0066EABA /* load0.gif */ = {isa = PBXFileReference; lastKnownFileType = image.gif; path = load0.gif; sourceTree = "<group>"; };
		11D88BD11EEE7A070066EABA /* Single.swift */ = {isa = PBXFileReference; fileEncoding = 4; lastKnownFileType = sourcecode.swift; path = Single.swift; sourceTree = "<group>"; };
		5E20A1351EE145890035AC56 /* ProductViewController.swift */ = {isa = PBXFileReference; fileEncoding = 4; lastKnownFileType = sourcecode.swift; path = ProductViewController.swift; sourceTree = "<group>"; };
		5E20A1371EE15E1F0035AC56 /* UIViewExtension.swift */ = {isa = PBXFileReference; fileEncoding = 4; lastKnownFileType = sourcecode.swift; path = UIViewExtension.swift; sourceTree = "<group>"; };
		5E2AC6961EE0FFDB00E0B0CC /* SwiftDemo.app */ = {isa = PBXFileReference; explicitFileType = wrapper.application; includeInIndex = 0; path = SwiftDemo.app; sourceTree = BUILT_PRODUCTS_DIR; };
		5E2AC69E1EE0FFDB00E0B0CC /* Base */ = {isa = PBXFileReference; lastKnownFileType = file.storyboard; name = Base; path = Base.lproj/Main.storyboard; sourceTree = "<group>"; };
		5E2AC6A01EE0FFDB00E0B0CC /* Assets.xcassets */ = {isa = PBXFileReference; lastKnownFileType = folder.assetcatalog; path = Assets.xcassets; sourceTree = "<group>"; };
		5E2AC6A31EE0FFDB00E0B0CC /* Base */ = {isa = PBXFileReference; lastKnownFileType = file.storyboard; name = Base; path = Base.lproj/LaunchScreen.storyboard; sourceTree = "<group>"; };
		5E2AC6A51EE0FFDB00E0B0CC /* Info.plist */ = {isa = PBXFileReference; lastKnownFileType = text.plist.xml; path = Info.plist; sourceTree = "<group>"; };
		5E2AC6B91EE134CA00E0B0CC /* HomeViewController.swift */ = {isa = PBXFileReference; fileEncoding = 4; lastKnownFileType = sourcecode.swift; path = HomeViewController.swift; sourceTree = "<group>"; };
		5E2AC6BC1EE135B200E0B0CC /* JWMacro.swift */ = {isa = PBXFileReference; fileEncoding = 4; lastKnownFileType = sourcecode.swift; path = JWMacro.swift; sourceTree = "<group>"; };
		5E37A6A71EE52B08007148C5 /* JWScrollviewCell.swift */ = {isa = PBXFileReference; fileEncoding = 4; lastKnownFileType = sourcecode.swift; path = JWScrollviewCell.swift; sourceTree = "<group>"; };
		5E37A6AD1EE65683007148C5 /* CirCleView.swift */ = {isa = PBXFileReference; fileEncoding = 4; lastKnownFileType = sourcecode.swift; path = CirCleView.swift; sourceTree = "<group>"; };
		5E37A6AF1EE6846B007148C5 /* FindViewController.swift */ = {isa = PBXFileReference; fileEncoding = 4; lastKnownFileType = sourcecode.swift; path = FindViewController.swift; sourceTree = "<group>"; };
		5E37A6B11EE684F0007148C5 /* CustomTableViewCell.swift */ = {isa = PBXFileReference; fileEncoding = 4; lastKnownFileType = sourcecode.swift; path = CustomTableViewCell.swift; sourceTree = "<group>"; };
		5E37A6B31EE68532007148C5 /* CustomCellModel.swift */ = {isa = PBXFileReference; fileEncoding = 4; lastKnownFileType = sourcecode.swift; path = CustomCellModel.swift; sourceTree = "<group>"; };
		5E7D193B1EEA32D50067FFF4 /* NSMutableAttributedString+Extension.swift */ = {isa = PBXFileReference; fileEncoding = 4; lastKnownFileType = sourcecode.swift; path = "NSMutableAttributedString+Extension.swift"; sourceTree = "<group>"; };
		5E7D19401EEA375D0067FFF4 /* Reflect+ArcFile.swift */ = {isa = PBXFileReference; fileEncoding = 4; lastKnownFileType = sourcecode.swift; path = "Reflect+ArcFile.swift"; sourceTree = "<group>"; };
		5E7D19421EEA375D0067FFF4 /* Reflect+Parse.swift */ = {isa = PBXFileReference; fileEncoding = 4; lastKnownFileType = sourcecode.swift; path = "Reflect+Parse.swift"; sourceTree = "<group>"; };
		5E7D19441EEA375D0067FFF4 /* Reflect+Convert.swift */ = {isa = PBXFileReference; fileEncoding = 4; lastKnownFileType = sourcecode.swift; path = "Reflect+Convert.swift"; sourceTree = "<group>"; };
		5E7D19461EEA375D0067FFF4 /* Reflect+Class.swift */ = {isa = PBXFileReference; fileEncoding = 4; lastKnownFileType = sourcecode.swift; path = "Reflect+Class.swift"; sourceTree = "<group>"; };
		5E7D19471EEA375D0067FFF4 /* Reflect+Other.swift */ = {isa = PBXFileReference; fileEncoding = 4; lastKnownFileType = sourcecode.swift; path = "Reflect+Other.swift"; sourceTree = "<group>"; };
		5E7D19481EEA375D0067FFF4 /* Reflect+Property.swift */ = {isa = PBXFileReference; fileEncoding = 4; lastKnownFileType = sourcecode.swift; path = "Reflect+Property.swift"; sourceTree = "<group>"; };
		5E7D19491EEA375D0067FFF4 /* Reflect+Type.swift */ = {isa = PBXFileReference; fileEncoding = 4; lastKnownFileType = sourcecode.swift; path = "Reflect+Type.swift"; sourceTree = "<group>"; };
		5E7D194A1EEA375D0067FFF4 /* Reflect.swift */ = {isa = PBXFileReference; fileEncoding = 4; lastKnownFileType = sourcecode.swift; path = Reflect.swift; sourceTree = "<group>"; };
		5E7D19531EEA379F0067FFF4 /* FriendModel.swift */ = {isa = PBXFileReference; fileEncoding = 4; lastKnownFileType = sourcecode.swift; path = FriendModel.swift; sourceTree = "<group>"; };
		5E7D19551EEA39E40067FFF4 /* AccountViewController.swift */ = {isa = PBXFileReference; fileEncoding = 4; lastKnownFileType = sourcecode.swift; path = AccountViewController.swift; sourceTree = "<group>"; };
		5E7D195D1EEA8ABB0067FFF4 /* MoreViewController.swift */ = {isa = PBXFileReference; fileEncoding = 4; lastKnownFileType = sourcecode.swift; path = MoreViewController.swift; sourceTree = "<group>"; };
		5E9DDFC31EF0D72400CDE067 /* PublicOCFunc.h */ = {isa = PBXFileReference; fileEncoding = 4; lastKnownFileType = sourcecode.c.h; path = PublicOCFunc.h; sourceTree = "<group>"; };
		5E9DDFC41EF0D72400CDE067 /* PublicOCFunc.m */ = {isa = PBXFileReference; fileEncoding = 4; lastKnownFileType = sourcecode.c.objc; path = PublicOCFunc.m; sourceTree = "<group>"; };
		5E9EB1D31EE4F0AD0042DDB0 /* JWScrollView.swift */ = {isa = PBXFileReference; fileEncoding = 4; lastKnownFileType = sourcecode.swift; path = JWScrollView.swift; sourceTree = "<group>"; };
/* End PBXFileReference section */

/* Begin PBXFrameworksBuildPhase section */
		5E2AC6931EE0FFDB00E0B0CC /* Frameworks */ = {
			isa = PBXFrameworksBuildPhase;
			buildActionMask = 2147483647;
			files = (
				117CB7AE1EF0D53B0044A3C8 /* MobileCoreServices.framework in Frameworks */,
			);
			runOnlyForDeploymentPostprocessing = 0;
		};
/* End PBXFrameworksBuildPhase section */

/* Begin PBXGroup section */
		117CB6D11EEF8B9A0044A3C8 /* animation */ = {
			isa = PBXGroup;
			children = (
				117CB6D21EEF8B9A0044A3C8 /* ele_sunnyBird1.png */,
				117CB6D31EEF8B9A0044A3C8 /* ele_sunnyBird2.png */,
				117CB6D41EEF8B9A0044A3C8 /* ele_sunnyBird3.png */,
				117CB6D51EEF8B9A0044A3C8 /* ele_sunnyBird4.png */,
				117CB6D61EEF8B9A0044A3C8 /* ele_sunnyBird5.png */,
				117CB6D71EEF8B9A0044A3C8 /* ele_sunnyBird6.png */,
				117CB6D81EEF8B9A0044A3C8 /* ele_sunnyBird7.png */,
				117CB6D91EEF8B9A0044A3C8 /* ele_sunnyBird8.png */,
				117CB6DA1EEF8B9A0044A3C8 /* ele_sunnyBirdInvertedImage1.png */,
				117CB6DB1EEF8B9A0044A3C8 /* ele_sunnyBirdInvertedImage2.png */,
				117CB6DC1EEF8B9A0044A3C8 /* ele_sunnyBirdInvertedImage3.png */,
				117CB6DD1EEF8B9A0044A3C8 /* ele_sunnyBirdInvertedImage4.png */,
				117CB6DE1EEF8B9A0044A3C8 /* ele_sunnyBirdInvertedImage5.png */,
				117CB6DF1EEF8B9A0044A3C8 /* ele_sunnyBirdInvertedImage6.png */,
				117CB6E01EEF8B9A0044A3C8 /* ele_sunnyBirdInvertedImage7.png */,
				117CB6E11EEF8B9A0044A3C8 /* ele_sunnyBirdInvertedImage8.png */,
				117CB6E21EEF8B9A0044A3C8 /* ele_sunnyCloud1.png */,
				117CB6E31EEF8B9A0044A3C8 /* ele_sunnyCloud2.png */,
				117CB6E41EEF8B9A0044A3C8 /* ele_sunnyNightFirefly.png */,
				117CB6E51EEF8B9A0044A3C8 /* ele_sunnyNightMeteor1.png */,
				117CB6E61EEF8B9A0044A3C8 /* ele_sunnyNightMeteor2.png */,
				117CB6E71EEF8B9A0044A3C8 /* ele_sunnyNightStar1.png */,
				117CB6E81EEF8B9A0044A3C8 /* ele_sunnyNightStar2.png */,
				117CB6E91EEF8B9A0044A3C8 /* ele_sunnyNightWave1.png */,
				117CB6EA1EEF8B9A0044A3C8 /* ele_sunnyNightWave2.png */,
				117CB6EB1EEF8B9A0044A3C8 /* ele_sunnyNightYellowLight.png */,
				117CB6EC1EEF8B9A0044A3C8 /* ele_sunnySun.png */,
				117CB6ED1EEF8B9A0044A3C8 /* ele_sunnySunshine.png */,
			);
			path = animation;
			sourceTree = "<group>";
		};
		117CB6EE1EEF8B9A0044A3C8 /* WeatherIcon */ = {
			isa = PBXGroup;
			children = (
				117CB6EF1EEF8B9A0044A3C8 /* 0.png */,
				117CB6F01EEF8B9A0044A3C8 /* 1.png */,
				117CB6F11EEF8B9A0044A3C8 /* 10.png */,
				117CB6F21EEF8B9A0044A3C8 /* 11.png */,
				117CB6F31EEF8B9A0044A3C8 /* 12.png */,
				117CB6F41EEF8B9A0044A3C8 /* 13.png */,
				117CB6F51EEF8B9A0044A3C8 /* 14.png */,
				117CB6F61EEF8B9A0044A3C8 /* 15.png */,
				117CB6F71EEF8B9A0044A3C8 /* 16.png */,
				117CB6F81EEF8B9A0044A3C8 /* 17.png */,
				117CB6F91EEF8B9A0044A3C8 /* 18.png */,
				117CB6FA1EEF8B9A0044A3C8 /* 19.png */,
				117CB6FB1EEF8B9A0044A3C8 /* 2.png */,
				117CB6FC1EEF8B9A0044A3C8 /* 20.png */,
				117CB6FD1EEF8B9A0044A3C8 /* 21.png */,
				117CB6FE1EEF8B9A0044A3C8 /* 22.png */,
				117CB6FF1EEF8B9A0044A3C8 /* 23.png */,
				117CB7001EEF8B9A0044A3C8 /* 24.png */,
				117CB7011EEF8B9A0044A3C8 /* 25.png */,
				117CB7021EEF8B9A0044A3C8 /* 26.png */,
				117CB7031EEF8B9A0044A3C8 /* 27.png */,
				117CB7041EEF8B9A0044A3C8 /* 28.png */,
				117CB7051EEF8B9A0044A3C8 /* 29.png */,
				117CB7061EEF8B9A0044A3C8 /* 3.png */,
				117CB7071EEF8B9A0044A3C8 /* 30.png */,
				117CB7081EEF8B9A0044A3C8 /* 31.png */,
				117CB7091EEF8B9A0044A3C8 /* 32.png */,
				117CB70A1EEF8B9A0044A3C8 /* 33.png */,
				117CB70B1EEF8B9A0044A3C8 /* 34.png */,
				117CB70C1EEF8B9A0044A3C8 /* 35.png */,
				117CB70D1EEF8B9A0044A3C8 /* 36.png */,
				117CB70E1EEF8B9A0044A3C8 /* 37.png */,
				117CB70F1EEF8B9A0044A3C8 /* 38.png */,
				117CB7101EEF8B9A0044A3C8 /* 4.png */,
				117CB7111EEF8B9A0044A3C8 /* 5.png */,
				117CB7121EEF8B9A0044A3C8 /* 6.png */,
				117CB7131EEF8B9A0044A3C8 /* 7.png */,
				117CB7141EEF8B9A0044A3C8 /* 8.png */,
				117CB7151EEF8B9A0044A3C8 /* 9.png */,
				117CB7161EEF8B9A0044A3C8 /* 99.png */,
			);
			path = WeatherIcon;
			sourceTree = "<group>";
		};
		117CB7681EEFC3400044A3C8 /* RHRefresh */ = {
			isa = PBXGroup;
			children = (
				117CB7691EEFC3400044A3C8 /* arrow@2x.png */,
				117CB76A1EEFC3400044A3C8 /* RHRefreshFooter.swift */,
				117CB76B1EEFC3400044A3C8 /* RHRefreshHeader.swift */,
			);
			path = RHRefresh;
			sourceTree = "<group>";
		};
		117CB7911EF0D37E0044A3C8 /* GetAppList */ = {
			isa = PBXGroup;
			children = (
				117CB7A31EF0D5100044A3C8 /* SystemApplication.swift */,
				117CB7A41EF0D5100044A3C8 /* SystemApplicationManager.swift */,
				117CB7A51EF0D5100044A3C8 /* LSApplicationProxy.h */,
				117CB7A61EF0D5100044A3C8 /* LSApplicationWorkspace.h */,
				117CB7A71EF0D5100044A3C8 /* LSBundleProxy.h */,
				117CB7A81EF0D5100044A3C8 /* LSResourceProxy.h */,
				117CB7A91EF0D5100044A3C8 /* UIImage-ApplicationIcons.h */,
			);
			path = GetAppList;
			sourceTree = "<group>";
		};
		117CB7921EF0D3DC0044A3C8 /* Base */ = {
			isa = PBXGroup;
			children = (
				117CB7931EF0D3DC0044A3C8 /* AppDelegate.swift */,
				117CB7941EF0D3DC0044A3C8 /* BaseViewController.swift */,
				117CB7951EF0D3DC0044A3C8 /* MainNavViewController.swift */,
				117CB7961EF0D3DC0044A3C8 /* MainTabBarViewController.swift */,
				117CB7971EF0D3DC0044A3C8 /* ShowAlertViewController.swift */,
				117CB7981EF0D3DC0044A3C8 /* ViewController.swift */,
				117CB79F1EF0D4290044A3C8 /* SwiftDemo-Bridging-Header.h */,
			);
			path = Base;
			sourceTree = "<group>";
		};
		117CB7AC1EF0D53B0044A3C8 /* Frameworks */ = {
			isa = PBXGroup;
			children = (
				117CB7AD1EF0D53B0044A3C8 /* MobileCoreServices.framework */,
			);
			name = Frameworks;
			sourceTree = "<group>";
		};
		11D88BCE1EEE77860066EABA /* Files */ = {
			isa = PBXGroup;
			children = (
				117CB6D11EEF8B9A0044A3C8 /* animation */,
				117CB6EE1EEF8B9A0044A3C8 /* WeatherIcon */,
				11D88BCF1EEE778D0066EABA /* load0.gif */,
			);
			path = Files;
			sourceTree = "<group>";
		};
		5E2AC68D1EE0FFDB00E0B0CC = {
			isa = PBXGroup;
			children = (
				5E2AC6981EE0FFDB00E0B0CC /* SwiftDemo */,
				5E2AC6971EE0FFDB00E0B0CC /* Products */,
				117CB7AC1EF0D53B0044A3C8 /* Frameworks */,
			);
			sourceTree = "<group>";
		};
		5E2AC6971EE0FFDB00E0B0CC /* Products */ = {
			isa = PBXGroup;
			children = (
				5E2AC6961EE0FFDB00E0B0CC /* SwiftDemo.app */,
			);
			name = Products;
			sourceTree = "<group>";
		};
		5E2AC6981EE0FFDB00E0B0CC /* SwiftDemo */ = {
			isa = PBXGroup;
			children = (
				117CB7921EF0D3DC0044A3C8 /* Base */,
				11D88BCE1EEE77860066EABA /* Files */,
				5E7D193D1EEA37490067FFF4 /* ThirdParty */,
				5E2AC6BB1EE1357700E0B0CC /* Other */,
				5E2AC6B61EE1344000E0B0CC /* Model */,
				5E2AC6B51EE1343200E0B0CC /* View */,
				5E2AC6B41EE1341F00E0B0CC /* ViewController */,
				5E2AC69D1EE0FFDB00E0B0CC /* Main.storyboard */,
				5E2AC6A01EE0FFDB00E0B0CC /* Assets.xcassets */,
				5E2AC6A21EE0FFDB00E0B0CC /* LaunchScreen.storyboard */,
				5E2AC6A51EE0FFDB00E0B0CC /* Info.plist */,
			);
			path = SwiftDemo;
			sourceTree = "<group>";
		};
		5E2AC6B41EE1341F00E0B0CC /* ViewController */ = {
			isa = PBXGroup;
			children = (
				5E2AC6B91EE134CA00E0B0CC /* HomeViewController.swift */,
				5E20A1351EE145890035AC56 /* ProductViewController.swift */,
				5E37A6AF1EE6846B007148C5 /* FindViewController.swift */,
				5E7D19551EEA39E40067FFF4 /* AccountViewController.swift */,
				5E7D195D1EEA8ABB0067FFF4 /* MoreViewController.swift */,
			);
			path = ViewController;
			sourceTree = "<group>";
		};
		5E2AC6B51EE1343200E0B0CC /* View */ = {
			isa = PBXGroup;
			children = (
				5E37A6AD1EE65683007148C5 /* CirCleView.swift */,
				5E37A6B11EE684F0007148C5 /* CustomTableViewCell.swift */,
			);
			path = View;
			sourceTree = "<group>";
		};
		5E2AC6B61EE1344000E0B0CC /* Model */ = {
			isa = PBXGroup;
			children = (
				5E37A6B31EE68532007148C5 /* CustomCellModel.swift */,
				5E7D19531EEA379F0067FFF4 /* FriendModel.swift */,
			);
			path = Model;
			sourceTree = "<group>";
		};
		5E2AC6BB1EE1357700E0B0CC /* Other */ = {
			isa = PBXGroup;
			children = (
				5E2AC6BC1EE135B200E0B0CC /* JWMacro.swift */,
				5E20A1371EE15E1F0035AC56 /* UIViewExtension.swift */,
				5E9EB1D31EE4F0AD0042DDB0 /* JWScrollView.swift */,
				5E37A6A71EE52B08007148C5 /* JWScrollviewCell.swift */,
				5E7D193B1EEA32D50067FFF4 /* NSMutableAttributedString+Extension.swift */,
				11D88BCC1EEE77090066EABA /* UIImage+Gif.swift */,
				11D88BD11EEE7A070066EABA /* Single.swift */,
				5E9DDFC31EF0D72400CDE067 /* PublicOCFunc.h */,
				5E9DDFC41EF0D72400CDE067 /* PublicOCFunc.m */,
			);
			path = Other;
			sourceTree = "<group>";
		};
		5E7D193D1EEA37490067FFF4 /* ThirdParty */ = {
			isa = PBXGroup;
			children = (
				117CB7911EF0D37E0044A3C8 /* GetAppList */,
				117CB7681EEFC3400044A3C8 /* RHRefresh */,
				5E7D193E1EEA375D0067FFF4 /* Reflect */,
			);
			path = ThirdParty;
			sourceTree = "<group>";
		};
		5E7D193E1EEA375D0067FFF4 /* Reflect */ = {
			isa = PBXGroup;
			children = (
				5E7D193F1EEA375D0067FFF4 /* Coding */,
				5E7D19411EEA375D0067FFF4 /* Dict2Model */,
				5E7D19431EEA375D0067FFF4 /* Model2Dict */,
				5E7D19451EEA375D0067FFF4 /* Reflect */,
				5E7D194A1EEA375D0067FFF4 /* Reflect.swift */,
			);
			path = Reflect;
			sourceTree = "<group>";
		};
		5E7D193F1EEA375D0067FFF4 /* Coding */ = {
			isa = PBXGroup;
			children = (
				5E7D19401EEA375D0067FFF4 /* Reflect+ArcFile.swift */,
			);
			path = Coding;
			sourceTree = "<group>";
		};
		5E7D19411EEA375D0067FFF4 /* Dict2Model */ = {
			isa = PBXGroup;
			children = (
				5E7D19421EEA375D0067FFF4 /* Reflect+Parse.swift */,
			);
			path = Dict2Model;
			sourceTree = "<group>";
		};
		5E7D19431EEA375D0067FFF4 /* Model2Dict */ = {
			isa = PBXGroup;
			children = (
				5E7D19441EEA375D0067FFF4 /* Reflect+Convert.swift */,
			);
			path = Model2Dict;
			sourceTree = "<group>";
		};
		5E7D19451EEA375D0067FFF4 /* Reflect */ = {
			isa = PBXGroup;
			children = (
				5E7D19461EEA375D0067FFF4 /* Reflect+Class.swift */,
				5E7D19471EEA375D0067FFF4 /* Reflect+Other.swift */,
				5E7D19481EEA375D0067FFF4 /* Reflect+Property.swift */,
				5E7D19491EEA375D0067FFF4 /* Reflect+Type.swift */,
			);
			path = Reflect;
			sourceTree = "<group>";
		};
/* End PBXGroup section */

/* Begin PBXNativeTarget section */
		5E2AC6951EE0FFDB00E0B0CC /* SwiftDemo */ = {
			isa = PBXNativeTarget;
			buildConfigurationList = 5E2AC6A81EE0FFDB00E0B0CC /* Build configuration list for PBXNativeTarget "SwiftDemo" */;
			buildPhases = (
				5E2AC6921EE0FFDB00E0B0CC /* Sources */,
				5E2AC6931EE0FFDB00E0B0CC /* Frameworks */,
				5E2AC6941EE0FFDB00E0B0CC /* Resources */,
			);
			buildRules = (
			);
			dependencies = (
			);
			name = SwiftDemo;
			productName = SwiftDemo;
			productReference = 5E2AC6961EE0FFDB00E0B0CC /* SwiftDemo.app */;
			productType = "com.apple.product-type.application";
		};
/* End PBXNativeTarget section */

/* Begin PBXProject section */
		5E2AC68E1EE0FFDB00E0B0CC /* Project object */ = {
			isa = PBXProject;
			attributes = {
				LastSwiftUpdateCheck = 0830;
				LastUpgradeCheck = 0830;
				ORGANIZATIONNAME = "梁家文";
				TargetAttributes = {
					5E2AC6951EE0FFDB00E0B0CC = {
						CreatedOnToolsVersion = 8.3.2;
						DevelopmentTeam = X8QG2P52G7;
						LastSwiftMigration = 0830;
						ProvisioningStyle = Automatic;
					};
				};
			};
			buildConfigurationList = 5E2AC6911EE0FFDB00E0B0CC /* Build configuration list for PBXProject "SwiftDemo" */;
			compatibilityVersion = "Xcode 3.2";
			developmentRegion = English;
			hasScannedForEncodings = 0;
			knownRegions = (
				en,
				Base,
			);
			mainGroup = 5E2AC68D1EE0FFDB00E0B0CC;
			productRefGroup = 5E2AC6971EE0FFDB00E0B0CC /* Products */;
			projectDirPath = "";
			projectRoot = "";
			targets = (
				5E2AC6951EE0FFDB00E0B0CC /* SwiftDemo */,
			);
		};
/* End PBXProject section */

/* Begin PBXResourcesBuildPhase section */
		5E2AC6941EE0FFDB00E0B0CC /* Resources */ = {
			isa = PBXResourcesBuildPhase;
			buildActionMask = 2147483647;
			files = (
				117CB7541EEF8B9A0044A3C8 /* 4.png in Resources */,
				117CB7551EEF8B9A0044A3C8 /* 5.png in Resources */,
				117CB7531EEF8B9A0044A3C8 /* 38.png in Resources */,
				117CB7331EEF8B9A0044A3C8 /* 0.png in Resources */,
				117CB74C1EEF8B9A0044A3C8 /* 31.png in Resources */,
				117CB73C1EEF8B9A0044A3C8 /* 17.png in Resources */,
				117CB7561EEF8B9A0044A3C8 /* 6.png in Resources */,
				117CB7341EEF8B9A0044A3C8 /* 1.png in Resources */,
				117CB74D1EEF8B9A0044A3C8 /* 32.png in Resources */,
				5E2AC6A41EE0FFDB00E0B0CC /* LaunchScreen.storyboard in Resources */,
				117CB7241EEF8B9A0044A3C8 /* ele_sunnyBirdInvertedImage6.png in Resources */,
				117CB7171EEF8B9A0044A3C8 /* ele_sunnyBird1.png in Resources */,
				117CB72B1EEF8B9A0044A3C8 /* ele_sunnyNightMeteor2.png in Resources */,
				117CB7281EEF8B9A0044A3C8 /* ele_sunnyCloud2.png in Resources */,
				117CB71B1EEF8B9A0044A3C8 /* ele_sunnyBird5.png in Resources */,
				117CB72A1EEF8B9A0044A3C8 /* ele_sunnyNightMeteor1.png in Resources */,
				117CB7381EEF8B9A0044A3C8 /* 13.png in Resources */,
				117CB76C1EEFC3400044A3C8 /* arrow@2x.png in Resources */,
				117CB7501EEF8B9A0044A3C8 /* 35.png in Resources */,
				117CB7321EEF8B9A0044A3C8 /* ele_sunnySunshine.png in Resources */,
				117CB75A1EEF8B9A0044A3C8 /* 99.png in Resources */,
				117CB7371EEF8B9A0044A3C8 /* 12.png in Resources */,
				117CB7581EEF8B9A0044A3C8 /* 8.png in Resources */,
				117CB7511EEF8B9A0044A3C8 /* 36.png in Resources */,
				117CB7461EEF8B9A0044A3C8 /* 26.png in Resources */,
				117CB7421EEF8B9A0044A3C8 /* 22.png in Resources */,
				117CB7181EEF8B9A0044A3C8 /* ele_sunnyBird2.png in Resources */,
				117CB7441EEF8B9A0044A3C8 /* 24.png in Resources */,
				117CB7471EEF8B9A0044A3C8 /* 27.png in Resources */,
				117CB7391EEF8B9A0044A3C8 /* 14.png in Resources */,
				117CB74A1EEF8B9A0044A3C8 /* 3.png in Resources */,
				117CB7301EEF8B9A0044A3C8 /* ele_sunnyNightYellowLight.png in Resources */,
				117CB73B1EEF8B9A0044A3C8 /* 16.png in Resources */,
				117CB7411EEF8B9A0044A3C8 /* 21.png in Resources */,
				117CB73A1EEF8B9A0044A3C8 /* 15.png in Resources */,
				117CB7311EEF8B9A0044A3C8 /* ele_sunnySun.png in Resources */,
				117CB7191EEF8B9A0044A3C8 /* ele_sunnyBird3.png in Resources */,
				117CB72C1EEF8B9A0044A3C8 /* ele_sunnyNightStar1.png in Resources */,
				117CB7351EEF8B9A0044A3C8 /* 10.png in Resources */,
				117CB7451EEF8B9A0044A3C8 /* 25.png in Resources */,
				117CB71F1EEF8B9A0044A3C8 /* ele_sunnyBirdInvertedImage1.png in Resources */,
				117CB7211EEF8B9A0044A3C8 /* ele_sunnyBirdInvertedImage3.png in Resources */,
				117CB7571EEF8B9A0044A3C8 /* 7.png in Resources */,
				117CB7521EEF8B9A0044A3C8 /* 37.png in Resources */,
				117CB7491EEF8B9A0044A3C8 /* 29.png in Resources */,
				117CB71A1EEF8B9A0044A3C8 /* ele_sunnyBird4.png in Resources */,
				117CB71C1EEF8B9A0044A3C8 /* ele_sunnyBird6.png in Resources */,
				117CB7591EEF8B9A0044A3C8 /* 9.png in Resources */,
				117CB74F1EEF8B9A0044A3C8 /* 34.png in Resources */,
				117CB7271EEF8B9A0044A3C8 /* ele_sunnyCloud1.png in Resources */,
				117CB72F1EEF8B9A0044A3C8 /* ele_sunnyNightWave2.png in Resources */,
				117CB72D1EEF8B9A0044A3C8 /* ele_sunnyNightStar2.png in Resources */,
				11D88BD01EEE778D0066EABA /* load0.gif in Resources */,
				117CB71E1EEF8B9A0044A3C8 /* ele_sunnyBird8.png in Resources */,
				117CB7481EEF8B9A0044A3C8 /* 28.png in Resources */,
				117CB7431EEF8B9A0044A3C8 /* 23.png in Resources */,
				117CB73E1EEF8B9A0044A3C8 /* 19.png in Resources */,
				117CB73D1EEF8B9A0044A3C8 /* 18.png in Resources */,
				117CB7291EEF8B9A0044A3C8 /* ele_sunnyNightFirefly.png in Resources */,
				5E2AC6A11EE0FFDB00E0B0CC /* Assets.xcassets in Resources */,
				117CB7261EEF8B9A0044A3C8 /* ele_sunnyBirdInvertedImage8.png in Resources */,
				117CB74B1EEF8B9A0044A3C8 /* 30.png in Resources */,
				117CB7251EEF8B9A0044A3C8 /* ele_sunnyBirdInvertedImage7.png in Resources */,
				117CB71D1EEF8B9A0044A3C8 /* ele_sunnyBird7.png in Resources */,
				117CB7221EEF8B9A0044A3C8 /* ele_sunnyBirdInvertedImage4.png in Resources */,
				117CB7361EEF8B9A0044A3C8 /* 11.png in Resources */,
				5E2AC69F1EE0FFDB00E0B0CC /* Main.storyboard in Resources */,
				117CB7401EEF8B9A0044A3C8 /* 20.png in Resources */,
				117CB74E1EEF8B9A0044A3C8 /* 33.png in Resources */,
				117CB7201EEF8B9A0044A3C8 /* ele_sunnyBirdInvertedImage2.png in Resources */,
				117CB73F1EEF8B9A0044A3C8 /* 2.png in Resources */,
				117CB72E1EEF8B9A0044A3C8 /* ele_sunnyNightWave1.png in Resources */,
				117CB7231EEF8B9A0044A3C8 /* ele_sunnyBirdInvertedImage5.png in Resources */,
			);
			runOnlyForDeploymentPostprocessing = 0;
		};
/* End PBXResourcesBuildPhase section */

/* Begin PBXSourcesBuildPhase section */
		5E2AC6921EE0FFDB00E0B0CC /* Sources */ = {
			isa = PBXSourcesBuildPhase;
			buildActionMask = 2147483647;
			files = (
				117CB76D1EEFC3400044A3C8 /* RHRefreshFooter.swift in Sources */,
				5E7D194F1EEA375D0067FFF4 /* Reflect+Other.swift in Sources */,
				117CB76E1EEFC3400044A3C8 /* RHRefreshHeader.swift in Sources */,
				5E9EB1D41EE4F0AD0042DDB0 /* JWScrollView.swift in Sources */,
				117CB7991EF0D3DC0044A3C8 /* AppDelegate.swift in Sources */,
				5E37A6B41EE68532007148C5 /* CustomCellModel.swift in Sources */,
				5E7D194E1EEA375D0067FFF4 /* Reflect+Class.swift in Sources */,
				5E2AC6BD1EE135B200E0B0CC /* JWMacro.swift in Sources */,
				5E7D19541EEA379F0067FFF4 /* FriendModel.swift in Sources */,
				5E7D19561EEA39E40067FFF4 /* AccountViewController.swift in Sources */,
				5E7D194C1EEA375D0067FFF4 /* Reflect+Parse.swift in Sources */,
				117CB7AA1EF0D5100044A3C8 /* SystemApplication.swift in Sources */,
				5E37A6B01EE6846B007148C5 /* FindViewController.swift in Sources */,
				5E20A1381EE15E1F0035AC56 /* UIViewExtension.swift in Sources */,
				11D88BD21EEE7A070066EABA /* Single.swift in Sources */,
				5E9DDFC51EF0D72400CDE067 /* PublicOCFunc.m in Sources */,
				117CB79E1EF0D3DC0044A3C8 /* ViewController.swift in Sources */,
				5E37A6AE1EE65683007148C5 /* CirCleView.swift in Sources */,
				117CB7AB1EF0D5100044A3C8 /* SystemApplicationManager.swift in Sources */,
				117CB79D1EF0D3DC0044A3C8 /* ShowAlertViewController.swift in Sources */,
				5E37A6B21EE684F0007148C5 /* CustomTableViewCell.swift in Sources */,
				5E7D193C1EEA32D50067FFF4 /* NSMutableAttributedString+Extension.swift in Sources */,
				5E37A6A81EE52B08007148C5 /* JWScrollviewCell.swift in Sources */,
				5E20A1361EE145890035AC56 /* ProductViewController.swift in Sources */,
				5E2AC6BA1EE134CA00E0B0CC /* HomeViewController.swift in Sources */,
				5E7D195E1EEA8ABB0067FFF4 /* MoreViewController.swift in Sources */,
				5E7D19501EEA375D0067FFF4 /* Reflect+Property.swift in Sources */,
				5E7D194D1EEA375D0067FFF4 /* Reflect+Convert.swift in Sources */,
				5E7D19521EEA375D0067FFF4 /* Reflect.swift in Sources */,
				117CB79B1EF0D3DC0044A3C8 /* MainNavViewController.swift in Sources */,
				5E7D194B1EEA375D0067FFF4 /* Reflect+ArcFile.swift in Sources */,
				5E7D19511EEA375D0067FFF4 /* Reflect+Type.swift in Sources */,
				11D88BCD1EEE77090066EABA /* UIImage+Gif.swift in Sources */,
				117CB79A1EF0D3DC0044A3C8 /* BaseViewController.swift in Sources */,
				117CB79C1EF0D3DC0044A3C8 /* MainTabBarViewController.swift in Sources */,
			);
			runOnlyForDeploymentPostprocessing = 0;
		};
/* End PBXSourcesBuildPhase section */

/* Begin PBXVariantGroup section */
		5E2AC69D1EE0FFDB00E0B0CC /* Main.storyboard */ = {
			isa = PBXVariantGroup;
			children = (
				5E2AC69E1EE0FFDB00E0B0CC /* Base */,
			);
			name = Main.storyboard;
			sourceTree = "<group>";
		};
		5E2AC6A21EE0FFDB00E0B0CC /* LaunchScreen.storyboard */ = {
			isa = PBXVariantGroup;
			children = (
				5E2AC6A31EE0FFDB00E0B0CC /* Base */,
			);
			name = LaunchScreen.storyboard;
			sourceTree = "<group>";
		};
/* End PBXVariantGroup section */

/* Begin XCBuildConfiguration section */
		5E2AC6A61EE0FFDB00E0B0CC /* Debug */ = {
			isa = XCBuildConfiguration;
			buildSettings = {
				ALWAYS_SEARCH_USER_PATHS = NO;
				CLANG_ANALYZER_NONNULL = YES;
				CLANG_ANALYZER_NUMBER_OBJECT_CONVERSION = YES_AGGRESSIVE;
				CLANG_CXX_LANGUAGE_STANDARD = "gnu++0x";
				CLANG_CXX_LIBRARY = "libc++";
				CLANG_ENABLE_MODULES = YES;
				CLANG_ENABLE_OBJC_ARC = YES;
				CLANG_WARN_BOOL_CONVERSION = YES;
				CLANG_WARN_CONSTANT_CONVERSION = YES;
				CLANG_WARN_DIRECT_OBJC_ISA_USAGE = YES_ERROR;
				CLANG_WARN_DOCUMENTATION_COMMENTS = YES;
				CLANG_WARN_EMPTY_BODY = YES;
				CLANG_WARN_ENUM_CONVERSION = YES;
				CLANG_WARN_INFINITE_RECURSION = YES;
				CLANG_WARN_INT_CONVERSION = YES;
				CLANG_WARN_OBJC_ROOT_CLASS = YES_ERROR;
				CLANG_WARN_SUSPICIOUS_MOVE = YES;
				CLANG_WARN_UNREACHABLE_CODE = YES;
				CLANG_WARN__DUPLICATE_METHOD_MATCH = YES;
				"CODE_SIGN_IDENTITY[sdk=iphoneos*]" = "iPhone Developer";
				COPY_PHASE_STRIP = NO;
				DEBUG_INFORMATION_FORMAT = dwarf;
				ENABLE_STRICT_OBJC_MSGSEND = YES;
				ENABLE_TESTABILITY = YES;
				GCC_C_LANGUAGE_STANDARD = gnu99;
				GCC_DYNAMIC_NO_PIC = NO;
				GCC_NO_COMMON_BLOCKS = YES;
				GCC_OPTIMIZATION_LEVEL = 0;
				GCC_PREPROCESSOR_DEFINITIONS = (
					"DEBUG=1",
					"$(inherited)",
				);
				GCC_WARN_64_TO_32_BIT_CONVERSION = YES;
				GCC_WARN_ABOUT_RETURN_TYPE = YES_ERROR;
				GCC_WARN_UNDECLARED_SELECTOR = YES;
				GCC_WARN_UNINITIALIZED_AUTOS = YES_AGGRESSIVE;
				GCC_WARN_UNUSED_FUNCTION = YES;
				GCC_WARN_UNUSED_VARIABLE = YES;
				IPHONEOS_DEPLOYMENT_TARGET = 10.3;
				MTL_ENABLE_DEBUG_INFO = YES;
				ONLY_ACTIVE_ARCH = YES;
				SDKROOT = iphoneos;
				SWIFT_ACTIVE_COMPILATION_CONDITIONS = DEBUG;
				SWIFT_OPTIMIZATION_LEVEL = "-Onone";
			};
			name = Debug;
		};
		5E2AC6A71EE0FFDB00E0B0CC /* Release */ = {
			isa = XCBuildConfiguration;
			buildSettings = {
				ALWAYS_SEARCH_USER_PATHS = NO;
				CLANG_ANALYZER_NONNULL = YES;
				CLANG_ANALYZER_NUMBER_OBJECT_CONVERSION = YES_AGGRESSIVE;
				CLANG_CXX_LANGUAGE_STANDARD = "gnu++0x";
				CLANG_CXX_LIBRARY = "libc++";
				CLANG_ENABLE_MODULES = YES;
				CLANG_ENABLE_OBJC_ARC = YES;
				CLANG_WARN_BOOL_CONVERSION = YES;
				CLANG_WARN_CONSTANT_CONVERSION = YES;
				CLANG_WARN_DIRECT_OBJC_ISA_USAGE = YES_ERROR;
				CLANG_WARN_DOCUMENTATION_COMMENTS = YES;
				CLANG_WARN_EMPTY_BODY = YES;
				CLANG_WARN_ENUM_CONVERSION = YES;
				CLANG_WARN_INFINITE_RECURSION = YES;
				CLANG_WARN_INT_CONVERSION = YES;
				CLANG_WARN_OBJC_ROOT_CLASS = YES_ERROR;
				CLANG_WARN_SUSPICIOUS_MOVE = YES;
				CLANG_WARN_UNREACHABLE_CODE = YES;
				CLANG_WARN__DUPLICATE_METHOD_MATCH = YES;
				"CODE_SIGN_IDENTITY[sdk=iphoneos*]" = "iPhone Developer";
				COPY_PHASE_STRIP = NO;
				DEBUG_INFORMATION_FORMAT = "dwarf-with-dsym";
				ENABLE_NS_ASSERTIONS = NO;
				ENABLE_STRICT_OBJC_MSGSEND = YES;
				GCC_C_LANGUAGE_STANDARD = gnu99;
				GCC_NO_COMMON_BLOCKS = YES;
				GCC_WARN_64_TO_32_BIT_CONVERSION = YES;
				GCC_WARN_ABOUT_RETURN_TYPE = YES_ERROR;
				GCC_WARN_UNDECLARED_SELECTOR = YES;
				GCC_WARN_UNINITIALIZED_AUTOS = YES_AGGRESSIVE;
				GCC_WARN_UNUSED_FUNCTION = YES;
				GCC_WARN_UNUSED_VARIABLE = YES;
				IPHONEOS_DEPLOYMENT_TARGET = 10.3;
				MTL_ENABLE_DEBUG_INFO = NO;
				SDKROOT = iphoneos;
				SWIFT_OPTIMIZATION_LEVEL = "-Owholemodule";
				VALIDATE_PRODUCT = YES;
			};
			name = Release;
		};
		5E2AC6A91EE0FFDB00E0B0CC /* Debug */ = {
			isa = XCBuildConfiguration;
			buildSettings = {
				ASSETCATALOG_COMPILER_APPICON_NAME = AppIcon;
				CLANG_ENABLE_MODULES = YES;
				DEVELOPMENT_TEAM = X8QG2P52G7;
				INFOPLIST_FILE = SwiftDemo/Info.plist;
				IPHONEOS_DEPLOYMENT_TARGET = 9.0;
				LD_RUNPATH_SEARCH_PATHS = "$(inherited) @executable_path/Frameworks";
				PRODUCT_BUNDLE_IDENTIFIER = com.liangxiansen2.SwiftDemo;
				PRODUCT_NAME = "$(TARGET_NAME)";
				SWIFT_OBJC_BRIDGING_HEADER = "SwiftDemo/Base/SwiftDemo-Bridging-Header.h";
				SWIFT_OPTIMIZATION_LEVEL = "-Onone";
				SWIFT_VERSION = 3.0;
			};
			name = Debug;
		};
		5E2AC6AA1EE0FFDB00E0B0CC /* Release */ = {
			isa = XCBuildConfiguration;
			buildSettings = {
				ASSETCATALOG_COMPILER_APPICON_NAME = AppIcon;
				CLANG_ENABLE_MODULES = YES;
				DEVELOPMENT_TEAM = X8QG2P52G7;
				INFOPLIST_FILE = SwiftDemo/Info.plist;
				IPHONEOS_DEPLOYMENT_TARGET = 9.0;
				LD_RUNPATH_SEARCH_PATHS = "$(inherited) @executable_path/Frameworks";
				PRODUCT_BUNDLE_IDENTIFIER = com.liangxiansen2.SwiftDemo;
				PRODUCT_NAME = "$(TARGET_NAME)";
				SWIFT_OBJC_BRIDGING_HEADER = "SwiftDemo/Base/SwiftDemo-Bridging-Header.h";
				SWIFT_VERSION = 3.0;
			};
			name = Release;
		};
/* End XCBuildConfiguration section */

/* Begin XCConfigurationList section */
		5E2AC6911EE0FFDB00E0B0CC /* Build configuration list for PBXProject "SwiftDemo" */ = {
			isa = XCConfigurationList;
			buildConfigurations = (
				5E2AC6A61EE0FFDB00E0B0CC /* Debug */,
				5E2AC6A71EE0FFDB00E0B0CC /* Release */,
			);
			defaultConfigurationIsVisible = 0;
			defaultConfigurationName = Release;
		};
		5E2AC6A81EE0FFDB00E0B0CC /* Build configuration list for PBXNativeTarget "SwiftDemo" */ = {
			isa = XCConfigurationList;
			buildConfigurations = (
				5E2AC6A91EE0FFDB00E0B0CC /* Debug */,
				5E2AC6AA1EE0FFDB00E0B0CC /* Release */,
			);
			defaultConfigurationIsVisible = 0;
			defaultConfigurationName = Release;
		};
/* End XCConfigurationList section */
	};
	rootObject = 5E2AC68E1EE0FFDB00E0B0CC /* Project object */;
}
